
Microsoft Visual Studio Solution File, Format Version 12.00
# Visual Studio Version 16
VisualStudioVersion = 16.0.29324.140
MinimumVisualStudioVersion = 10.0.40219.1
Project("{FAE04EC0-301F-11D3-BF4B-00C04F79EFBC}") = "W04_Examen", "W04_Examen.csproj", "{DA32713E-702F-4E2C-AA84-9A1844F98203}"
EndProject
Global
	GlobalSection(SolutionConfigurationPlatforms) = preSolution
		Debug|Any CPU = Debug|Any CPU
		Release|Any CPU = Release|Any CPU
	EndGlobalSection
	GlobalSection(ProjectConfigurationPlatforms) = postSolution
		{DA32713E-702F-4E2C-AA84-9A1844F98203}.Debug|Any CPU.ActiveCfg = Debug|Any CPU
		{DA32713E-702F-4E2C-AA84-9A1844F98203}.Debug|Any CPU.Build.0 = Debug|Any CPU
		{DA32713E-702F-4E2C-AA84-9A1844F98203}.Release|Any CPU.ActiveCfg = Release|Any CPU
		{DA32713E-702F-4E2C-AA84-9A1844F98203}.Release|Any CPU.Build.0 = Release|Any CPU
	EndGlobalSection
	GlobalSection(SolutionProperties) = preSolution
		HideSolutionNode = FALSE
	EndGlobalSection
	GlobalSection(ExtensibilityGlobals) = postSolution
		SolutionGuid = {6D87C981-3CFE-464C-9FD9-3C85E8E89FE3}
	EndGlobalSection
EndGlobal
